
Microsoft Visual Studio Solution File, Format Version 12.00
# Visual Studio Version 17
VisualStudioVersion = 17.0.31521.260
MinimumVisualStudioVersion = 10.0.40219.1
Project("{2150E333-8FDC-42A3-9474-1A3956D46DE8}") = "src", "src", "{ED3DA9DD-1E07-444B-A2D7-2DBA280F96D4}"
EndProject
Project("{2150E333-8FDC-42A3-9474-1A3956D46DE8}") = "Solution Items", "Solution Items", "{2CE637DC-E8F5-4603-8B57-E51A32F631F1}"
	ProjectSection(SolutionItems) = preProject
		.editorconfig = .editorconfig
		Generate-ReleaseNotes.bat = Generate-ReleaseNotes.bat
		PackageReleaseNotes.template = PackageReleaseNotes.template
		PackageReleaseNotes.txt = PackageReleaseNotes.txt
		README.md = README.md
		ReleaseNotes.md = ReleaseNotes.md
	EndProjectSection
EndProject
Project("{2150E333-8FDC-42A3-9474-1A3956D46DE8}") = "tests", "tests", "{19009F5B-3267-45E2-A8B6-89F2AB47D72C}"
EndProject
Project("{2150E333-8FDC-42A3-9474-1A3956D46DE8}") = "src-examples", "src-examples", "{38BA087F-EDA1-4F8A-A140-85B84791B815}"
EndProject
Project("{9A19103F-16F7-4668-BE54-9A1E7A4F7556}") = "IHttpClient", "src\IHttpClient\IHttpClient.csproj", "{38C2BB6E-EE23-4C4F-B8D5-A2AD592DE5E3}"
EndProject
Project("{9A19103F-16F7-4668-BE54-9A1E7A4F7556}") = "ConsoleAppIHttpClient", "src-examples\ConsoleAppIHttpClient\ConsoleAppIHttpClient.csproj", "{3E93C092-0E42-4200-B71A-5EEE410FE1F5}"
EndProject
Project("{9A19103F-16F7-4668-BE54-9A1E7A4F7556}") = "ConsoleAppIHttpClientViaNuGet", "src-examples\ConsoleAppIHttpClientViaNuGet\ConsoleAppIHttpClientViaNuGet.csproj", "{B5991933-D80D-479E-9B3A-5F09BB76AA34}"
EndProject
Global
	GlobalSection(SolutionConfigurationPlatforms) = preSolution
		Debug|Any CPU = Debug|Any CPU
		DebugAttach|Any CPU = DebugAttach|Any CPU
		Release|Any CPU = Release|Any CPU
	EndGlobalSection
	GlobalSection(ProjectConfigurationPlatforms) = postSolution
		{38C2BB6E-EE23-4C4F-B8D5-A2AD592DE5E3}.Debug|Any CPU.ActiveCfg = Debug|Any CPU
		{38C2BB6E-EE23-4C4F-B8D5-A2AD592DE5E3}.Debug|Any CPU.Build.0 = Debug|Any CPU
		{38C2BB6E-EE23-4C4F-B8D5-A2AD592DE5E3}.DebugAttach|Any CPU.ActiveCfg = Debug|Any CPU
		{38C2BB6E-EE23-4C4F-B8D5-A2AD592DE5E3}.DebugAttach|Any CPU.Build.0 = Debug|Any CPU
		{38C2BB6E-EE23-4C4F-B8D5-A2AD592DE5E3}.Release|Any CPU.ActiveCfg = Release|Any CPU
		{38C2BB6E-EE23-4C4F-B8D5-A2AD592DE5E3}.Release|Any CPU.Build.0 = Release|Any CPU
		{3E93C092-0E42-4200-B71A-5EEE410FE1F5}.Debug|Any CPU.ActiveCfg = Debug|Any CPU
		{3E93C092-0E42-4200-B71A-5EEE410FE1F5}.Debug|Any CPU.Build.0 = Debug|Any CPU
		{3E93C092-0E42-4200-B71A-5EEE410FE1F5}.DebugAttach|Any CPU.ActiveCfg = Debug|Any CPU
		{3E93C092-0E42-4200-B71A-5EEE410FE1F5}.DebugAttach|Any CPU.Build.0 = Debug|Any CPU
		{3E93C092-0E42-4200-B71A-5EEE410FE1F5}.Release|Any CPU.ActiveCfg = Release|Any CPU
		{3E93C092-0E42-4200-B71A-5EEE410FE1F5}.Release|Any CPU.Build.0 = Release|Any CPU
		{B5991933-D80D-479E-9B3A-5F09BB76AA34}.Debug|Any CPU.ActiveCfg = Debug|Any CPU
		{B5991933-D80D-479E-9B3A-5F09BB76AA34}.Debug|Any CPU.Build.0 = Debug|Any CPU
		{B5991933-D80D-479E-9B3A-5F09BB76AA34}.DebugAttach|Any CPU.ActiveCfg = Debug|Any CPU
		{B5991933-D80D-479E-9B3A-5F09BB76AA34}.DebugAttach|Any CPU.Build.0 = Debug|Any CPU
		{B5991933-D80D-479E-9B3A-5F09BB76AA34}.Release|Any CPU.ActiveCfg = Release|Any CPU
		{B5991933-D80D-479E-9B3A-5F09BB76AA34}.Release|Any CPU.Build.0 = Release|Any CPU
	EndGlobalSection
	GlobalSection(SolutionProperties) = preSolution
		HideSolutionNode = FALSE
	EndGlobalSection
	GlobalSection(NestedProjects) = preSolution
		{38C2BB6E-EE23-4C4F-B8D5-A2AD592DE5E3} = {ED3DA9DD-1E07-444B-A2D7-2DBA280F96D4}
		{3E93C092-0E42-4200-B71A-5EEE410FE1F5} = {38BA087F-EDA1-4F8A-A140-85B84791B815}
		{B5991933-D80D-479E-9B3A-5F09BB76AA34} = {38BA087F-EDA1-4F8A-A140-85B84791B815}
	EndGlobalSection
	GlobalSection(ExtensibilityGlobals) = postSolution
		SolutionGuid = {585F071D-051D-441C-9C6B-226D9E15A1F5}
	EndGlobalSection
EndGlobal
